dependencies:
- name: prometheus
  repository: oci://ghcr.io/prometheus-community/charts
  version: 27.39.0
- name: grafana
  repository: oci://ghcr.io/grafana/helm-charts
  version: 10.1.0
digest: sha256:0e5f3ef4863edebacdb74501705bf6df2c349e67e7d0a32a9ca8982be0be9860
generated: "2026-03-25T10:48:45.703157901Z"
