dependencies:
- name: prometheus
  repository: https://prometheus-community.github.io/helm-charts
  version: 27.39.0
- name: grafana
  repository: https://grafana.github.io/helm-charts
  version: 10.1.0
- name: loki
  repository: https://grafana.github.io/helm-charts
  version: 6.46.0
- name: alloy
  repository: https://grafana.github.io/helm-charts
  version: 1.4.0
digest: sha256:e5d27809e40cab5355cd94a223d03427c63986e2b0d2e7d62aeb5406d41543a7
generated: "2026-01-16T12:58:33.052230817Z"
